
Microsoft Visual Studio Solution File, Format Version 12.00
# Visual Studio Version 16
VisualStudioVersion = 16.0.31911.196
MinimumVisualStudioVersion = 10.0.40219.1
Project("{FAE04EC0-301F-11D3-BF4B-00C04F79EFBC}") = "Academic_Term_Tracker.Android", "Academic_Term_Tracker.Android\Academic_Term_Tracker.Android.csproj", "{4E8106FC-1D6E-4B23-B45B-BDF70ED42E85}"
EndProject
Project("{9A19103F-16F7-4668-BE54-9A1E7A4F7556}") = "Academic_Term_Tracker", "Academic_Term_Tracker\Academic_Term_Tracker.csproj", "{1609DB2B-C952-4B24-9971-56D7346031A9}"
EndProject
Global
	GlobalSection(SolutionConfigurationPlatforms) = preSolution
		Debug|Any CPU = Debug|Any CPU
		Release|Any CPU = Release|Any CPU
	EndGlobalSection
	GlobalSection(ProjectConfigurationPlatforms) = postSolution
		{4E8106FC-1D6E-4B23-B45B-BDF70ED42E85}.Debug|Any CPU.ActiveCfg = Debug|Any CPU
		{4E8106FC-1D6E-4B23-B45B-BDF70ED42E85}.Debug|Any CPU.Build.0 = Debug|Any CPU
		{4E8106FC-1D6E-4B23-B45B-BDF70ED42E85}.Debug|Any CPU.Deploy.0 = Debug|Any CPU
		{4E8106FC-1D6E-4B23-B45B-BDF70ED42E85}.Release|Any CPU.ActiveCfg = Release|Any CPU
		{4E8106FC-1D6E-4B23-B45B-BDF70ED42E85}.Release|Any CPU.Build.0 = Release|Any CPU
		{4E8106FC-1D6E-4B23-B45B-BDF70ED42E85}.Release|Any CPU.Deploy.0 = Release|Any CPU
		{1609DB2B-C952-4B24-9971-56D7346031A9}.Debug|Any CPU.ActiveCfg = Debug|Any CPU
		{1609DB2B-C952-4B24-9971-56D7346031A9}.Debug|Any CPU.Build.0 = Debug|Any CPU
		{1609DB2B-C952-4B24-9971-56D7346031A9}.Debug|Any CPU.Deploy.0 = Debug|Any CPU
		{1609DB2B-C952-4B24-9971-56D7346031A9}.Release|Any CPU.ActiveCfg = Release|Any CPU
		{1609DB2B-C952-4B24-9971-56D7346031A9}.Release|Any CPU.Build.0 = Release|Any CPU
		{1609DB2B-C952-4B24-9971-56D7346031A9}.Release|Any CPU.Deploy.0 = Release|Any CPU
	EndGlobalSection
	GlobalSection(SolutionProperties) = preSolution
		HideSolutionNode = FALSE
	EndGlobalSection
	GlobalSection(ExtensibilityGlobals) = postSolution
		SolutionGuid = {CD4F6291-0C33-4CDC-B37B-600709E9356B}
	EndGlobalSection
EndGlobal
